// !$*UTF8*$!
{
	archiveVersion = 1;
	classes = {
	};
	objectVersion = 50;
	objects = {

/* Begin PBXBuildFile section */
		D250719124627A400044AF20 /* AppDelegate.swift in Sources */ = {isa = PBXBuildFile; fileRef = D250719024627A400044AF20 /* AppDelegate.swift */; };
		D250719324627A400044AF20 /* SceneDelegate.swift in Sources */ = {isa = PBXBuildFile; fileRef = D250719224627A400044AF20 /* SceneDelegate.swift */; };
		D250719724627A410044AF20 /* Assets.xcassets in Resources */ = {isa = PBXBuildFile; fileRef = D250719624627A410044AF20 /* Assets.xcassets */; };
		D250719A24627A410044AF20 /* Preview Assets.xcassets in Resources */ = {isa = PBXBuildFile; fileRef = D250719924627A410044AF20 /* Preview Assets.xcassets */; };
		D250719D24627A410044AF20 /* LaunchScreen.storyboard in Resources */ = {isa = PBXBuildFile; fileRef = D250719B24627A410044AF20 /* LaunchScreen.storyboard */; };
		D29BD288246953D2002F35A6 /* punctuator.mlmodel in Sources */ = {isa = PBXBuildFile; fileRef = D29BD287246953D2002F35A6 /* punctuator.mlmodel */; };
		D2A848C92470534E00393C2E /* AudioRecorder.swift in Sources */ = {isa = PBXBuildFile; fileRef = D2A848C82470534E00393C2E /* AudioRecorder.swift */; };
		D2A848CB247055AE00393C2E /* Error.swift in Sources */ = {isa = PBXBuildFile; fileRef = D2A848CA247055AE00393C2E /* Error.swift */; };
		D2A848CD24705B7E00393C2E /* PodcastRecordingView.swift in Sources */ = {isa = PBXBuildFile; fileRef = D2A848CC24705B7E00393C2E /* PodcastRecordingView.swift */; };
		D2A848CF24706C1800393C2E /* PlaygroundHelper.swift in Sources */ = {isa = PBXBuildFile; fileRef = D2A848CE24706C1800393C2E /* PlaygroundHelper.swift */; };
		D2A848D12470813F00393C2E /* AudioAnalyzer.swift in Sources */ = {isa = PBXBuildFile; fileRef = D2A848D02470813F00393C2E /* AudioAnalyzer.swift */; };
		D2A848D32470857E00393C2E /* PodcastTranscriptionView.swift in Sources */ = {isa = PBXBuildFile; fileRef = D2A848D22470857E00393C2E /* PodcastTranscriptionView.swift */; };
		D2A848D52470877800393C2E /* AudioSegment.swift in Sources */ = {isa = PBXBuildFile; fileRef = D2A848D42470877800393C2E /* AudioSegment.swift */; };
/* End PBXBuildFile section */

/* Begin PBXFileReference section */
		D250718D24627A400044AF20 /* Podcast.app */ = {isa = PBXFileReference; explicitFileType = wrapper.application; includeInIndex = 0; path = Podcast.app; sourceTree = BUILT_PRODUCTS_DIR; };
		D250719024627A400044AF20 /* AppDelegate.swift */ = {isa = PBXFileReference; lastKnownFileType = sourcecode.swift; path = AppDelegate.swift; sourceTree = "<group>"; };
		D250719224627A400044AF20 /* SceneDelegate.swift */ = {isa = PBXFileReference; lastKnownFileType = sourcecode.swift; path = SceneDelegate.swift; sourceTree = "<group>"; };
		D250719624627A410044AF20 /* Assets.xcassets */ = {isa = PBXFileReference; lastKnownFileType = folder.assetcatalog; path = Assets.xcassets; sourceTree = "<group>"; };
		D250719924627A410044AF20 /* Preview Assets.xcassets */ = {isa = PBXFileReference; lastKnownFileType = folder.assetcatalog; path = "Preview Assets.xcassets"; sourceTree = "<group>"; };
		D250719C24627A410044AF20 /* Base */ = {isa = PBXFileReference; lastKnownFileType = file.storyboard; name = Base; path = Base.lproj/LaunchScreen.storyboard; sourceTree = "<group>"; };
		D250719E24627A410044AF20 /* Info.plist */ = {isa = PBXFileReference; lastKnownFileType = text.plist.xml; path = Info.plist; sourceTree = "<group>"; };
		D29BD28624693A7E002F35A6 /* Podcast.entitlements */ = {isa = PBXFileReference; lastKnownFileType = text.plist.entitlements; path = Podcast.entitlements; sourceTree = "<group>"; };
		D29BD287246953D2002F35A6 /* punctuator.mlmodel */ = {isa = PBXFileReference; lastKnownFileType = file.mlmodel; name = punctuator.mlmodel; path = utils/punctuator.mlmodel; sourceTree = SOURCE_ROOT; };
		D2A848C82470534E00393C2E /* AudioRecorder.swift */ = {isa = PBXFileReference; lastKnownFileType = sourcecode.swift; path = AudioRecorder.swift; sourceTree = "<group>"; };
		D2A848CA247055AE00393C2E /* Error.swift */ = {isa = PBXFileReference; lastKnownFileType = sourcecode.swift; path = Error.swift; sourceTree = "<group>"; };
		D2A848CC24705B7E00393C2E /* PodcastRecordingView.swift */ = {isa = PBXFileReference; lastKnownFileType = sourcecode.swift; path = PodcastRecordingView.swift; sourceTree = "<group>"; };
		D2A848CE24706C1800393C2E /* PlaygroundHelper.swift */ = {isa = PBXFileReference; lastKnownFileType = sourcecode.swift; path = PlaygroundHelper.swift; sourceTree = "<group>"; };
		D2A848D02470813F00393C2E /* AudioAnalyzer.swift */ = {isa = PBXFileReference; lastKnownFileType = sourcecode.swift; path = AudioAnalyzer.swift; sourceTree = "<group>"; };
		D2A848D22470857E00393C2E /* PodcastTranscriptionView.swift */ = {isa = PBXFileReference; lastKnownFileType = sourcecode.swift; path = PodcastTranscriptionView.swift; sourceTree = "<group>"; };
		D2A848D42470877800393C2E /* AudioSegment.swift */ = {isa = PBXFileReference; lastKnownFileType = sourcecode.swift; path = AudioSegment.swift; sourceTree = "<group>"; };
/* End PBXFileReference section */

/* Begin PBXFrameworksBuildPhase section */
		D250718A24627A400044AF20 /* Frameworks */ = {
			isa = PBXFrameworksBuildPhase;
			buildActionMask = 2147483647;
			files = (
			);
			runOnlyForDeploymentPostprocessing = 0;
		};
/* End PBXFrameworksBuildPhase section */

/* Begin PBXGroup section */
		D250718424627A400044AF20 = {
			isa = PBXGroup;
			children = (
				D250718F24627A400044AF20 /* Podcast */,
				D250718E24627A400044AF20 /* Products */,
			);
			sourceTree = "<group>";
		};
		D250718E24627A400044AF20 /* Products */ = {
			isa = PBXGroup;
			children = (
				D250718D24627A400044AF20 /* Podcast.app */,
			);
			name = Products;
			sourceTree = "<group>";
		};
		D250718F24627A400044AF20 /* Podcast */ = {
			isa = PBXGroup;
			children = (
				D29BD28624693A7E002F35A6 /* Podcast.entitlements */,
				D250719024627A400044AF20 /* AppDelegate.swift */,
				D250719224627A400044AF20 /* SceneDelegate.swift */,
				D2A848CC24705B7E00393C2E /* PodcastRecordingView.swift */,
				D2A848D22470857E00393C2E /* PodcastTranscriptionView.swift */,
				D2A848D42470877800393C2E /* AudioSegment.swift */,
				D2A848D02470813F00393C2E /* AudioAnalyzer.swift */,
				D2A848C82470534E00393C2E /* AudioRecorder.swift */,
				D2A848CA247055AE00393C2E /* Error.swift */,
				D2A848CE24706C1800393C2E /* PlaygroundHelper.swift */,
				D250719624627A410044AF20 /* Assets.xcassets */,
				D250719B24627A410044AF20 /* LaunchScreen.storyboard */,
				D250719E24627A410044AF20 /* Info.plist */,
				D29BD287246953D2002F35A6 /* punctuator.mlmodel */,
				D250719824627A410044AF20 /* Preview Content */,
			);
			path = Podcast;
			sourceTree = "<group>";
		};
		D250719824627A410044AF20 /* Preview Content */ = {
			isa = PBXGroup;
			children = (
				D250719924627A410044AF20 /* Preview Assets.xcassets */,
			);
			path = "Preview Content";
			sourceTree = "<group>";
		};
/* End PBXGroup section */

/* Begin PBXNativeTarget section */
		D250718C24627A400044AF20 /* Podcast */ = {
			isa = PBXNativeTarget;
			buildConfigurationList = D25071A124627A410044AF20 /* Build configuration list for PBXNativeTarget "Podcast" */;
			buildPhases = (
				D250718924627A400044AF20 /* Sources */,
				D250718A24627A400044AF20 /* Frameworks */,
				D250718B24627A400044AF20 /* Resources */,
			);
			buildRules = (
			);
			dependencies = (
			);
			name = Podcast;
			productName = Podcast;
			productReference = D250718D24627A400044AF20 /* Podcast.app */;
			productType = "com.apple.product-type.application";
		};
/* End PBXNativeTarget section */

/* Begin PBXProject section */
		D250718524627A400044AF20 /* Project object */ = {
			isa = PBXProject;
			attributes = {
				LastSwiftUpdateCheck = 1140;
				LastUpgradeCheck = 1140;
				ORGANIZATIONNAME = Apollonyan;
				TargetAttributes = {
					D250718C24627A400044AF20 = {
						CreatedOnToolsVersion = 11.4.1;
					};
				};
			};
			buildConfigurationList = D250718824627A400044AF20 /* Build configuration list for PBXProject "Podcast" */;
			compatibilityVersion = "Xcode 9.3";
			developmentRegion = en;
			hasScannedForEncodings = 0;
			knownRegions = (
				en,
				Base,
			);
			mainGroup = D250718424627A400044AF20;
			productRefGroup = D250718E24627A400044AF20 /* Products */;
			projectDirPath = "";
			projectRoot = "";
			targets = (
				D250718C24627A400044AF20 /* Podcast */,
			);
		};
/* End PBXProject section */

/* Begin PBXResourcesBuildPhase section */
		D250718B24627A400044AF20 /* Resources */ = {
			isa = PBXResourcesBuildPhase;
			buildActionMask = 2147483647;
			files = (
				D250719D24627A410044AF20 /* LaunchScreen.storyboard in Resources */,
				D250719A24627A410044AF20 /* Preview Assets.xcassets in Resources */,
				D250719724627A410044AF20 /* Assets.xcassets in Resources */,
			);
			runOnlyForDeploymentPostprocessing = 0;
		};
/* End PBXResourcesBuildPhase section */

/* Begin PBXSourcesBuildPhase section */
		D250718924627A400044AF20 /* Sources */ = {
			isa = PBXSourcesBuildPhase;
			buildActionMask = 2147483647;
			files = (
				D250719124627A400044AF20 /* AppDelegate.swift in Sources */,
				D250719324627A400044AF20 /* SceneDelegate.swift in Sources */,
				D2A848D52470877800393C2E /* AudioSegment.swift in Sources */,
				D2A848CD24705B7E00393C2E /* PodcastRecordingView.swift in Sources */,
				D29BD288246953D2002F35A6 /* punctuator.mlmodel in Sources */,
				D2A848D32470857E00393C2E /* PodcastTranscriptionView.swift in Sources */,
				D2A848D12470813F00393C2E /* AudioAnalyzer.swift in Sources */,
				D2A848C92470534E00393C2E /* AudioRecorder.swift in Sources */,
				D2A848CB247055AE00393C2E /* Error.swift in Sources */,
				D2A848CF24706C1800393C2E /* PlaygroundHelper.swift in Sources */,
			);
			runOnlyForDeploymentPostprocessing = 0;
		};
/* End PBXSourcesBuildPhase section */

/* Begin PBXVariantGroup section */
		D250719B24627A410044AF20 /* LaunchScreen.storyboard */ = {
			isa = PBXVariantGroup;
			children = (
				D250719C24627A410044AF20 /* Base */,
			);
			name = LaunchScreen.storyboard;
			sourceTree = "<group>";
		};
/* End PBXVariantGroup section */

/* Begin XCBuildConfiguration section */
		D250719F24627A410044AF20 /* Debug */ = {
			isa = XCBuildConfiguration;
			buildSettings = {
				ALWAYS_SEARCH_USER_PATHS = NO;
				CLANG_ANALYZER_NONNULL = YES;
				CLANG_ANALYZER_NUMBER_OBJECT_CONVERSION = YES_AGGRESSIVE;
				CLANG_CXX_LANGUAGE_STANDARD = "gnu++14";
				CLANG_CXX_LIBRARY = "libc++";
				CLANG_ENABLE_MODULES = YES;
				CLANG_ENABLE_OBJC_ARC = YES;
				CLANG_ENABLE_OBJC_WEAK = YES;
				CLANG_WARN_BLOCK_CAPTURE_AUTORELEASING = YES;
				CLANG_WARN_BOOL_CONVERSION = YES;
				CLANG_WARN_COMMA = YES;
				CLANG_WARN_CONSTANT_CONVERSION = YES;
				CLANG_WARN_DEPRECATED_OBJC_IMPLEMENTATIONS = YES;
				CLANG_WARN_DIRECT_OBJC_ISA_USAGE = YES_ERROR;
				CLANG_WARN_DOCUMENTATION_COMMENTS = YES;
				CLANG_WARN_EMPTY_BODY = YES;
				CLANG_WARN_ENUM_CONVERSION = YES;
				CLANG_WARN_INFINITE_RECURSION = YES;
				CLANG_WARN_INT_CONVERSION = YES;
				CLANG_WARN_NON_LITERAL_NULL_CONVERSION = YES;
				CLANG_WARN_OBJC_IMPLICIT_RETAIN_SELF = YES;
				CLANG_WARN_OBJC_LITERAL_CONVERSION = YES;
				CLANG_WARN_OBJC_ROOT_CLASS = YES_ERROR;
				CLANG_WARN_RANGE_LOOP_ANALYSIS = YES;
				CLANG_WARN_STRICT_PROTOTYPES = YES;
				CLANG_WARN_SUSPICIOUS_MOVE = YES;
				CLANG_WARN_UNGUARDED_AVAILABILITY = YES_AGGRESSIVE;
				CLANG_WARN_UNREACHABLE_CODE = YES;
				CLANG_WARN__DUPLICATE_METHOD_MATCH = YES;
				COPY_PHASE_STRIP = NO;
				DEBUG_INFORMATION_FORMAT = dwarf;
				ENABLE_STRICT_OBJC_MSGSEND = YES;
				ENABLE_TESTABILITY = YES;
				GCC_C_LANGUAGE_STANDARD = gnu11;
				GCC_DYNAMIC_NO_PIC = NO;
				GCC_NO_COMMON_BLOCKS = YES;
				GCC_OPTIMIZATION_LEVEL = 0;
				GCC_PREPROCESSOR_DEFINITIONS = (
					"DEBUG=1",
					"$(inherited)",
				);
				GCC_WARN_64_TO_32_BIT_CONVERSION = YES;
				GCC_WARN_ABOUT_RETURN_TYPE = YES_ERROR;
				GCC_WARN_UNDECLARED_SELECTOR = YES;
				GCC_WARN_UNINITIALIZED_AUTOS = YES_AGGRESSIVE;
				GCC_WARN_UNUSED_FUNCTION = YES;
				GCC_WARN_UNUSED_VARIABLE = YES;
				IPHONEOS_DEPLOYMENT_TARGET = 13.4;
				MTL_ENABLE_DEBUG_INFO = INCLUDE_SOURCE;
				MTL_FAST_MATH = YES;
				ONLY_ACTIVE_ARCH = YES;
				SDKROOT = iphoneos;
				SWIFT_ACTIVE_COMPILATION_CONDITIONS = DEBUG;
				SWIFT_OPTIMIZATION_LEVEL = "-Onone";
			};
			name = Debug;
		};
		D25071A024627A410044AF20 /* Release */ = {
			isa = XCBuildConfiguration;
			buildSettings = {
				ALWAYS_SEARCH_USER_PATHS = NO;
				CLANG_ANALYZER_NONNULL = YES;
				CLANG_ANALYZER_NUMBER_OBJECT_CONVERSION = YES_AGGRESSIVE;
				CLANG_CXX_LANGUAGE_STANDARD = "gnu++14";
				CLANG_CXX_LIBRARY = "libc++";
				CLANG_ENABLE_MODULES = YES;
				CLANG_ENABLE_OBJC_ARC = YES;
				CLANG_ENABLE_OBJC_WEAK = YES;
				CLANG_WARN_BLOCK_CAPTURE_AUTORELEASING = YES;
				CLANG_WARN_BOOL_CONVERSION = YES;
				CLANG_WARN_COMMA = YES;
				CLANG_WARN_CONSTANT_CONVERSION = YES;
				CLANG_WARN_DEPRECATED_OBJC_IMPLEMENTATIONS = YES;
				CLANG_WARN_DIRECT_OBJC_ISA_USAGE = YES_ERROR;
				CLANG_WARN_DOCUMENTATION_COMMENTS = YES;
				CLANG_WARN_EMPTY_BODY = YES;
				CLANG_WARN_ENUM_CONVERSION = YES;
				CLANG_WARN_INFINITE_RECURSION = YES;
				CLANG_WARN_INT_CONVERSION = YES;
				CLANG_WARN_NON_LITERAL_NULL_CONVERSION = YES;
				CLANG_WARN_OBJC_IMPLICIT_RETAIN_SELF = YES;
				CLANG_WARN_OBJC_LITERAL_CONVERSION = YES;
				CLANG_WARN_OBJC_ROOT_CLASS = YES_ERROR;
				CLANG_WARN_RANGE_LOOP_ANALYSIS = YES;
				CLANG_WARN_STRICT_PROTOTYPES = YES;
				CLANG_WARN_SUSPICIOUS_MOVE = YES;
				CLANG_WARN_UNGUARDED_AVAILABILITY = YES_AGGRESSIVE;
				CLANG_WARN_UNREACHABLE_CODE = YES;
				CLANG_WARN__DUPLICATE_METHOD_MATCH = YES;
				COPY_PHASE_STRIP = NO;
				DEBUG_INFORMATION_FORMAT = "dwarf-with-dsym";
				ENABLE_NS_ASSERTIONS = NO;
				ENABLE_STRICT_OBJC_MSGSEND = YES;
				GCC_C_LANGUAGE_STANDARD = gnu11;
				GCC_NO_COMMON_BLOCKS = YES;
				GCC_WARN_64_TO_32_BIT_CONVERSION = YES;
				GCC_WARN_ABOUT_RETURN_TYPE = YES_ERROR;
				GCC_WARN_UNDECLARED_SELECTOR = YES;
				GCC_WARN_UNINITIALIZED_AUTOS = YES_AGGRESSIVE;
				GCC_WARN_UNUSED_FUNCTION = YES;
				GCC_WARN_UNUSED_VARIABLE = YES;
				IPHONEOS_DEPLOYMENT_TARGET = 13.4;
				MTL_ENABLE_DEBUG_INFO = NO;
				MTL_FAST_MATH = YES;
				SDKROOT = iphoneos;
				SWIFT_COMPILATION_MODE = wholemodule;
				SWIFT_OPTIMIZATION_LEVEL = "-O";
				VALIDATE_PRODUCT = YES;
			};
			name = Release;
		};
		D25071A224627A410044AF20 /* Debug */ = {
			isa = XCBuildConfiguration;
			buildSettings = {
				ASSETCATALOG_COMPILER_APPICON_NAME = AppIcon;
				CODE_SIGN_ENTITLEMENTS = Podcast/Podcast.entitlements;
				CODE_SIGN_STYLE = Automatic;
				DEVELOPMENT_ASSET_PATHS = "\"Podcast/Preview Content\"";
				DEVELOPMENT_TEAM = 2H866F22W7;
				"ENABLE_HARDENED_RUNTIME[sdk=macosx*]" = YES;
				ENABLE_PREVIEWS = YES;
				INFOPLIST_FILE = Podcast/Info.plist;
				LD_RUNPATH_SEARCH_PATHS = (
					"$(inherited)",
					"@executable_path/Frameworks",
				);
				PRODUCT_BUNDLE_IDENTIFIER = io.github.apollozhu.Podcast;
				PRODUCT_NAME = "$(TARGET_NAME)";
				SUPPORTS_MACCATALYST = YES;
				SWIFT_VERSION = 5.0;
				TARGETED_DEVICE_FAMILY = "1,2";
			};
			name = Debug;
		};
		D25071A324627A410044AF20 /* Release */ = {
			isa = XCBuildConfiguration;
			buildSettings = {
				ASSETCATALOG_COMPILER_APPICON_NAME = AppIcon;
				CODE_SIGN_ENTITLEMENTS = Podcast/Podcast.entitlements;
				CODE_SIGN_STYLE = Automatic;
				DEVELOPMENT_ASSET_PATHS = "\"Podcast/Preview Content\"";
				DEVELOPMENT_TEAM = 2H866F22W7;
				"ENABLE_HARDENED_RUNTIME[sdk=macosx*]" = YES;
				ENABLE_PREVIEWS = YES;
				INFOPLIST_FILE = Podcast/Info.plist;
				LD_RUNPATH_SEARCH_PATHS = (
					"$(inherited)",
					"@executable_path/Frameworks",
				);
				PRODUCT_BUNDLE_IDENTIFIER = io.github.apollozhu.Podcast;
				PRODUCT_NAME = "$(TARGET_NAME)";
				SUPPORTS_MACCATALYST = YES;
				SWIFT_VERSION = 5.0;
				TARGETED_DEVICE_FAMILY = "1,2";
			};
			name = Release;
		};
/* End XCBuildConfiguration section */

/* Begin XCConfigurationList section */
		D250718824627A400044AF20 /* Build configuration list for PBXProject "Podcast" */ = {
			isa = XCConfigurationList;
			buildConfigurations = (
				D250719F24627A410044AF20 /* Debug */,
				D25071A024627A410044AF20 /* Release */,
			);
			defaultConfigurationIsVisible = 0;
			defaultConfigurationName = Release;
		};
		D25071A124627A410044AF20 /* Build configuration list for PBXNativeTarget "Podcast" */ = {
			isa = XCConfigurationList;
			buildConfigurations = (
				D25071A224627A410044AF20 /* Debug */,
				D25071A324627A410044AF20 /* Release */,
			);
			defaultConfigurationIsVisible = 0;
			defaultConfigurationName = Release;
		};
/* End XCConfigurationList section */
	};
	rootObject = D250718524627A400044AF20 /* Project object */;
}
